
Microsoft Visual Studio Solution File, Format Version 12.00
# Visual Studio 14
VisualStudioVersion = 14.0.25420.1
MinimumVisualStudioVersion = 10.0.40219.1
Project("{FAE04EC0-301F-11D3-BF4B-00C04F79EFBC}") = "BomberLib", "BomberLib\BomberLib.csproj", "{A85E3D8E-9338-4F51-82D8-4441AD5A1C5B}"
EndProject
Project("{FAE04EC0-301F-11D3-BF4B-00C04F79EFBC}") = "BomberWindowsGame", "BomberWindowsGame\BomberWindowsGame.csproj", "{EB8FE3AE-93F6-404B-B7AE-75D934EC345D}"
EndProject
Project("{FAE04EC0-301F-11D3-BF4B-00C04F79EFBC}") = "BomberWindowsGameContent", "BomberWindowsGameContent\BomberWindowsGameContent.contentproj", "{D78E7BBC-126E-4238-9686-6094AC048AC7}"
EndProject
Global
	GlobalSection(SolutionConfigurationPlatforms) = preSolution
		Debug|Any CPU = Debug|Any CPU
		Debug|x86 = Debug|x86
		Release|Any CPU = Release|Any CPU
		Release|x86 = Release|x86
	EndGlobalSection
	GlobalSection(ProjectConfigurationPlatforms) = postSolution
		{A85E3D8E-9338-4F51-82D8-4441AD5A1C5B}.Debug|Any CPU.ActiveCfg = Debug|Any CPU
		{A85E3D8E-9338-4F51-82D8-4441AD5A1C5B}.Debug|Any CPU.Build.0 = Debug|Any CPU
		{A85E3D8E-9338-4F51-82D8-4441AD5A1C5B}.Debug|x86.ActiveCfg = Debug|Any CPU
		{A85E3D8E-9338-4F51-82D8-4441AD5A1C5B}.Debug|x86.Build.0 = Debug|Any CPU
		{A85E3D8E-9338-4F51-82D8-4441AD5A1C5B}.Release|Any CPU.ActiveCfg = Release|Any CPU
		{A85E3D8E-9338-4F51-82D8-4441AD5A1C5B}.Release|Any CPU.Build.0 = Release|Any CPU
		{A85E3D8E-9338-4F51-82D8-4441AD5A1C5B}.Release|x86.ActiveCfg = Release|Any CPU
		{A85E3D8E-9338-4F51-82D8-4441AD5A1C5B}.Release|x86.Build.0 = Release|Any CPU
		{EB8FE3AE-93F6-404B-B7AE-75D934EC345D}.Debug|Any CPU.ActiveCfg = Debug|x86
		{EB8FE3AE-93F6-404B-B7AE-75D934EC345D}.Debug|Any CPU.Build.0 = Debug|x86
		{EB8FE3AE-93F6-404B-B7AE-75D934EC345D}.Debug|x86.ActiveCfg = Debug|x86
		{EB8FE3AE-93F6-404B-B7AE-75D934EC345D}.Debug|x86.Build.0 = Debug|x86
		{EB8FE3AE-93F6-404B-B7AE-75D934EC345D}.Release|Any CPU.ActiveCfg = Release|x86
		{EB8FE3AE-93F6-404B-B7AE-75D934EC345D}.Release|x86.ActiveCfg = Release|x86
		{EB8FE3AE-93F6-404B-B7AE-75D934EC345D}.Release|x86.Build.0 = Release|x86
		{D78E7BBC-126E-4238-9686-6094AC048AC7}.Debug|Any CPU.ActiveCfg = Debug|x86
		{D78E7BBC-126E-4238-9686-6094AC048AC7}.Debug|x86.ActiveCfg = Debug|x86
		{D78E7BBC-126E-4238-9686-6094AC048AC7}.Release|Any CPU.ActiveCfg = Release|x86
		{D78E7BBC-126E-4238-9686-6094AC048AC7}.Release|x86.ActiveCfg = Release|x86
	EndGlobalSection
	GlobalSection(SolutionProperties) = preSolution
		HideSolutionNode = FALSE
	EndGlobalSection
EndGlobal
